// !$*UTF8*$!
{
	archiveVersion = 1;
	classes = {
	};
	objectVersion = 50;
	objects = {

/* Begin PBXBuildFile section */
		7E5A66B0D12FCFBF8691E9A4 /* Pods_Franziskaner_Munchen.framework in Frameworks */ = {isa = PBXBuildFile; fileRef = BF12A9521BEC6DD0FC51E774 /* Pods_Franziskaner_Munchen.framework */; };
		9A68B146879B9D2877FF6F13 /* Pods_Franziskaner_MunchenUITests.framework in Frameworks */ = {isa = PBXBuildFile; fileRef = F28CFFFF8144025A31F081DB /* Pods_Franziskaner_MunchenUITests.framework */; };
		9F005B1E215C91290024CDBA /* UIHelper.swift in Sources */ = {isa = PBXBuildFile; fileRef = 9F005B1D215C91290024CDBA /* UIHelper.swift */; };
		9F126F4A208E5B9400A82742 /* PDFViewController.swift in Sources */ = {isa = PBXBuildFile; fileRef = 9F126F49208E5B9400A82742 /* PDFViewController.swift */; };
		9F1DB88C21785F6E00ADA0DA /* GoogleService-Info.plist in Resources */ = {isa = PBXBuildFile; fileRef = 9F1DB88B21785F6E00ADA0DA /* GoogleService-Info.plist */; };
		9F363D6B8B7F6E89357E5693 /* Pods_Franziskaner_MunchenTests.framework in Frameworks */ = {isa = PBXBuildFile; fileRef = AEA124D27A91A41001235817 /* Pods_Franziskaner_MunchenTests.framework */; };
		9F4B096A2084FF57006C7CDE /* APICaller.swift in Sources */ = {isa = PBXBuildFile; fileRef = 9F4B09692084FF57006C7CDE /* APICaller.swift */; };
		9F5FBF2D208E37DE000D8529 /* MagazinesViewController.swift in Sources */ = {isa = PBXBuildFile; fileRef = 9F5FBF2C208E37DE000D8529 /* MagazinesViewController.swift */; };
		9F7CF1C0208D7D4600548851 /* DateFormatterExtension.swift in Sources */ = {isa = PBXBuildFile; fileRef = 9F7CF1BA208D7D4600548851 /* DateFormatterExtension.swift */; };
		9F7CF1C3208D7D4600548851 /* UINavigationControllerExtension.swift in Sources */ = {isa = PBXBuildFile; fileRef = 9F7CF1BB208D7D4600548851 /* UINavigationControllerExtension.swift */; };
		9F7CF1C6208D7D4600548851 /* UIViewControllerExtension.swift in Sources */ = {isa = PBXBuildFile; fileRef = 9F7CF1BC208D7D4600548851 /* UIViewControllerExtension.swift */; };
		9F7CF1C9208D7D4600548851 /* CAGradientLayerExtension.swift in Sources */ = {isa = PBXBuildFile; fileRef = 9F7CF1BD208D7D4600548851 /* CAGradientLayerExtension.swift */; };
		9F7CF1CC208D7D4600548851 /* UIImageViewExtension.swift in Sources */ = {isa = PBXBuildFile; fileRef = 9F7CF1BE208D7D4600548851 /* UIImageViewExtension.swift */; };
		9F7CF1CF208D7D4600548851 /* StringExtension.swift in Sources */ = {isa = PBXBuildFile; fileRef = 9F7CF1BF208D7D4600548851 /* StringExtension.swift */; };
		9F7CF1D3208D81F400548851 /* UIViewExtension.swift in Sources */ = {isa = PBXBuildFile; fileRef = 9F7CF1D2208D81F400548851 /* UIViewExtension.swift */; };
		9F9D3992208B2C2A0066935E /* Models.swift in Sources */ = {isa = PBXBuildFile; fileRef = 9F9D3990208B2C2A0066935E /* Models.swift */; };
		9F9D3995208B2C2A0066935E /* Parser.swift in Sources */ = {isa = PBXBuildFile; fileRef = 9F9D3991208B2C2A0066935E /* Parser.swift */; };
		9F9D39A2208B2C350066935E /* MyWebViewController.swift in Sources */ = {isa = PBXBuildFile; fileRef = 9F9D3998208B2C350066935E /* MyWebViewController.swift */; };
		9F9D39A5208B2C350066935E /* NotificationsViewController.swift in Sources */ = {isa = PBXBuildFile; fileRef = 9F9D3999208B2C350066935E /* NotificationsViewController.swift */; };
		9F9D39A8208B2C350066935E /* DashboardViewController.swift in Sources */ = {isa = PBXBuildFile; fileRef = 9F9D399A208B2C350066935E /* DashboardViewController.swift */; };
		9F9D39AB208B2C350066935E /* NewsDetailedViewController.swift in Sources */ = {isa = PBXBuildFile; fileRef = 9F9D399B208B2C350066935E /* NewsDetailedViewController.swift */; };
		9F9D39AE208B2C350066935E /* PhotosViewController.swift in Sources */ = {isa = PBXBuildFile; fileRef = 9F9D399C208B2C350066935E /* PhotosViewController.swift */; };
		9F9D39B1208B2C350066935E /* MenuViewController.swift in Sources */ = {isa = PBXBuildFile; fileRef = 9F9D399D208B2C350066935E /* MenuViewController.swift */; };
		9F9D39B4208B2C350066935E /* ProjectViewController.swift in Sources */ = {isa = PBXBuildFile; fileRef = 9F9D399E208B2C350066935E /* ProjectViewController.swift */; };
		9F9D39B7208B2C350066935E /* VideosViewController.swift in Sources */ = {isa = PBXBuildFile; fileRef = 9F9D399F208B2C350066935E /* VideosViewController.swift */; };
		9F9D39BA208B2C350066935E /* HomeViewController.swift in Sources */ = {isa = PBXBuildFile; fileRef = 9F9D39A0208B2C350066935E /* HomeViewController.swift */; };
		9F9D39BD208B2C350066935E /* NewsViewController.swift in Sources */ = {isa = PBXBuildFile; fileRef = 9F9D39A1208B2C350066935E /* NewsViewController.swift */; };
		9F9D39C1208B2C4B0066935E /* YoutubePlayerViewController.swift in Sources */ = {isa = PBXBuildFile; fileRef = 9F9D39C0208B2C4B0066935E /* YoutubePlayerViewController.swift */; };
		9F9D39C6208B2C7C0066935E /* Route.swift in Sources */ = {isa = PBXBuildFile; fileRef = 9F9D39C4208B2C7C0066935E /* Route.swift */; };
		9F9D39C9208B2C7C0066935E /* Constant.swift in Sources */ = {isa = PBXBuildFile; fileRef = 9F9D39C5208B2C7C0066935E /* Constant.swift */; };
		9FAD8E66215DE9B7006C0F78 /* PushNotificationHandler.swift in Sources */ = {isa = PBXBuildFile; fileRef = 9FAD8E65215DE9B7006C0F78 /* PushNotificationHandler.swift */; };
		9FC7D3BE2081036D00F26BC5 /* LaunchScreen.storyboard in Resources */ = {isa = PBXBuildFile; fileRef = 9FC7D3BC2081036C00F26BC5 /* LaunchScreen.storyboard */; };
		9FC7D3BF2081036D00F26BC5 /* LaunchScreen.storyboard in Resources */ = {isa = PBXBuildFile; fileRef = 9FC7D3BC2081036C00F26BC5 /* LaunchScreen.storyboard */; };
		9FC7D3C02081036D00F26BC5 /* LaunchScreen.storyboard in Resources */ = {isa = PBXBuildFile; fileRef = 9FC7D3BC2081036C00F26BC5 /* LaunchScreen.storyboard */; };
		9FF2145B2160E4F600676D15 /* UIApplicationExtension.swift in Sources */ = {isa = PBXBuildFile; fileRef = 9FF2145A2160E4F600676D15 /* UIApplicationExtension.swift */; };
		9FF2145D2160E8E300676D15 /* TopViewController.swift in Sources */ = {isa = PBXBuildFile; fileRef = 9FF2145C2160E8E300676D15 /* TopViewController.swift */; };
		9FFC4C93208081F000563094 /* AppDelegate.swift in Sources */ = {isa = PBXBuildFile; fileRef = 9FFC4C92208081F000563094 /* AppDelegate.swift */; };
		9FFC4C98208081F000563094 /* Main.storyboard in Resources */ = {isa = PBXBuildFile; fileRef = 9FFC4C96208081F000563094 /* Main.storyboard */; };
		9FFC4C9A208081F200563094 /* Assets.xcassets in Resources */ = {isa = PBXBuildFile; fileRef = 9FFC4C99208081F200563094 /* Assets.xcassets */; };
/* End PBXBuildFile section */

/* Begin PBXContainerItemProxy section */
		9FFC4CA4208081F200563094 /* PBXContainerItemProxy */ = {
			isa = PBXContainerItemProxy;
			containerPortal = 9FFC4C87208081F000563094 /* Project object */;
			proxyType = 1;
			remoteGlobalIDString = 9FFC4C8E208081F000563094;
			remoteInfo = "Franziskaner Munchen";
		};
		9FFC4CAF208081F200563094 /* PBXContainerItemProxy */ = {
			isa = PBXContainerItemProxy;
			containerPortal = 9FFC4C87208081F000563094 /* Project object */;
			proxyType = 1;
			remoteGlobalIDString = 9FFC4C8E208081F000563094;
			remoteInfo = "Franziskaner Munchen";
		};
/* End PBXContainerItemProxy section */

/* Begin PBXFileReference section */
		007DEE05C38F1CC15603027C /* Pods-Franziskaner Munchen.debug.xcconfig */ = {isa = PBXFileReference; includeInIndex = 1; lastKnownFileType = text.xcconfig; name = "Pods-Franziskaner Munchen.debug.xcconfig"; path = "Pods/Target Support Files/Pods-Franziskaner Munchen/Pods-Franziskaner Munchen.debug.xcconfig"; sourceTree = "<group>"; };
		19749C6FF1DF1EA8CBD8B710 /* Pods-Franziskaner MunchenUITests.release.xcconfig */ = {isa = PBXFileReference; includeInIndex = 1; lastKnownFileType = text.xcconfig; name = "Pods-Franziskaner MunchenUITests.release.xcconfig"; path = "Pods/Target Support Files/Pods-Franziskaner MunchenUITests/Pods-Franziskaner MunchenUITests.release.xcconfig"; sourceTree = "<group>"; };
		32BCB02F67C3893C9FE69767 /* Pods-Franziskaner MunchenTests.release.xcconfig */ = {isa = PBXFileReference; includeInIndex = 1; lastKnownFileType = text.xcconfig; name = "Pods-Franziskaner MunchenTests.release.xcconfig"; path = "Pods/Target Support Files/Pods-Franziskaner MunchenTests/Pods-Franziskaner MunchenTests.release.xcconfig"; sourceTree = "<group>"; };
		748DEEF1264CF5CCA2BD2DC8 /* Pods-Franziskaner MunchenUITests.debug.xcconfig */ = {isa = PBXFileReference; includeInIndex = 1; lastKnownFileType = text.xcconfig; name = "Pods-Franziskaner MunchenUITests.debug.xcconfig"; path = "Pods/Target Support Files/Pods-Franziskaner MunchenUITests/Pods-Franziskaner MunchenUITests.debug.xcconfig"; sourceTree = "<group>"; };
		85059D27D49008D21D7B401C /* Pods-Franziskaner Munchen.release.xcconfig */ = {isa = PBXFileReference; includeInIndex = 1; lastKnownFileType = text.xcconfig; name = "Pods-Franziskaner Munchen.release.xcconfig"; path = "Pods/Target Support Files/Pods-Franziskaner Munchen/Pods-Franziskaner Munchen.release.xcconfig"; sourceTree = "<group>"; };
		9F005B1D215C91290024CDBA /* UIHelper.swift */ = {isa = PBXFileReference; lastKnownFileType = sourcecode.swift; path = UIHelper.swift; sourceTree = "<group>"; };
		9F126F49208E5B9400A82742 /* PDFViewController.swift */ = {isa = PBXFileReference; lastKnownFileType = sourcecode.swift; path = PDFViewController.swift; sourceTree = "<group>"; };
		9F1DB88B21785F6E00ADA0DA /* GoogleService-Info.plist */ = {isa = PBXFileReference; fileEncoding = 4; lastKnownFileType = text.plist.xml; path = "GoogleService-Info.plist"; sourceTree = "<group>"; };
		9F4B09692084FF57006C7CDE /* APICaller.swift */ = {isa = PBXFileReference; lastKnownFileType = sourcecode.swift; path = APICaller.swift; sourceTree = "<group>"; };
		9F5D1D21215BD6D9004FBC43 /* Franziskaner Munchen.entitlements */ = {isa = PBXFileReference; lastKnownFileType = text.plist.entitlements; path = "Franziskaner Munchen.entitlements"; sourceTree = "<group>"; };
		9F5FBF2C208E37DE000D8529 /* MagazinesViewController.swift */ = {isa = PBXFileReference; lastKnownFileType = sourcecode.swift; path = MagazinesViewController.swift; sourceTree = "<group>"; };
		9F7CF1BA208D7D4600548851 /* DateFormatterExtension.swift */ = {isa = PBXFileReference; fileEncoding = 4; lastKnownFileType = sourcecode.swift; path = DateFormatterExtension.swift; sourceTree = "<group>"; };
		9F7CF1BB208D7D4600548851 /* UINavigationControllerExtension.swift */ = {isa = PBXFileReference; fileEncoding = 4; lastKnownFileType = sourcecode.swift; path = UINavigationControllerExtension.swift; sourceTree = "<group>"; };
		9F7CF1BC208D7D4600548851 /* UIViewControllerExtension.swift */ = {isa = PBXFileReference; fileEncoding = 4; lastKnownFileType = sourcecode.swift; path = UIViewControllerExtension.swift; sourceTree = "<group>"; };
		9F7CF1BD208D7D4600548851 /* CAGradientLayerExtension.swift */ = {isa = PBXFileReference; fileEncoding = 4; lastKnownFileType = sourcecode.swift; path = CAGradientLayerExtension.swift; sourceTree = "<group>"; };
		9F7CF1BE208D7D4600548851 /* UIImageViewExtension.swift */ = {isa = PBXFileReference; fileEncoding = 4; lastKnownFileType = sourcecode.swift; path = UIImageViewExtension.swift; sourceTree = "<group>"; };
		9F7CF1BF208D7D4600548851 /* StringExtension.swift */ = {isa = PBXFileReference; fileEncoding = 4; lastKnownFileType = sourcecode.swift; path = StringExtension.swift; sourceTree = "<group>"; };
		9F7CF1D2208D81F400548851 /* UIViewExtension.swift */ = {isa = PBXFileReference; fileEncoding = 4; lastKnownFileType = sourcecode.swift; path = UIViewExtension.swift; sourceTree = "<group>"; };
		9F9D3990208B2C2A0066935E /* Models.swift */ = {isa = PBXFileReference; fileEncoding = 4; lastKnownFileType = sourcecode.swift; path = Models.swift; sourceTree = "<group>"; };
		9F9D3991208B2C2A0066935E /* Parser.swift */ = {isa = PBXFileReference; fileEncoding = 4; lastKnownFileType = sourcecode.swift; path = Parser.swift; sourceTree = "<group>"; };
		9F9D3998208B2C350066935E /* MyWebViewController.swift */ = {isa = PBXFileReference; fileEncoding = 4; lastKnownFileType = sourcecode.swift; path = MyWebViewController.swift; sourceTree = "<group>"; };
		9F9D3999208B2C350066935E /* NotificationsViewController.swift */ = {isa = PBXFileReference; fileEncoding = 4; lastKnownFileType = sourcecode.swift; path = NotificationsViewController.swift; sourceTree = "<group>"; };
		9F9D399A208B2C350066935E /* DashboardViewController.swift */ = {isa = PBXFileReference; fileEncoding = 4; lastKnownFileType = sourcecode.swift; path = DashboardViewController.swift; sourceTree = "<group>"; };
		9F9D399B208B2C350066935E /* NewsDetailedViewController.swift */ = {isa = PBXFileReference; fileEncoding = 4; lastKnownFileType = sourcecode.swift; path = NewsDetailedViewController.swift; sourceTree = "<group>"; };
		9F9D399C208B2C350066935E /* PhotosViewController.swift */ = {isa = PBXFileReference; fileEncoding = 4; lastKnownFileType = sourcecode.swift; path = PhotosViewController.swift; sourceTree = "<group>"; };
		9F9D399D208B2C350066935E /* MenuViewController.swift */ = {isa = PBXFileReference; fileEncoding = 4; lastKnownFileType = sourcecode.swift; path = MenuViewController.swift; sourceTree = "<group>"; };
		9F9D399E208B2C350066935E /* ProjectViewController.swift */ = {isa = PBXFileReference; fileEncoding = 4; lastKnownFileType = sourcecode.swift; path = ProjectViewController.swift; sourceTree = "<group>"; };
		9F9D399F208B2C350066935E /* VideosViewController.swift */ = {isa = PBXFileReference; fileEncoding = 4; lastKnownFileType = sourcecode.swift; path = VideosViewController.swift; sourceTree = "<group>"; };
		9F9D39A0208B2C350066935E /* HomeViewController.swift */ = {isa = PBXFileReference; fileEncoding = 4; lastKnownFileType = sourcecode.swift; path = HomeViewController.swift; sourceTree = "<group>"; };
		9F9D39A1208B2C350066935E /* NewsViewController.swift */ = {isa = PBXFileReference; fileEncoding = 4; lastKnownFileType = sourcecode.swift; path = NewsViewController.swift; sourceTree = "<group>"; };
		9F9D39C0208B2C4B0066935E /* YoutubePlayerViewController.swift */ = {isa = PBXFileReference; fileEncoding = 4; lastKnownFileType = sourcecode.swift; path = YoutubePlayerViewController.swift; sourceTree = "<group>"; };
		9F9D39C4208B2C7C0066935E /* Route.swift */ = {isa = PBXFileReference; fileEncoding = 4; lastKnownFileType = sourcecode.swift; path = Route.swift; sourceTree = "<group>"; };
		9F9D39C5208B2C7C0066935E /* Constant.swift */ = {isa = PBXFileReference; fileEncoding = 4; lastKnownFileType = sourcecode.swift; path = Constant.swift; sourceTree = "<group>"; };
		9FAD8E65215DE9B7006C0F78 /* PushNotificationHandler.swift */ = {isa = PBXFileReference; fileEncoding = 4; lastKnownFileType = sourcecode.swift; path = PushNotificationHandler.swift; sourceTree = "<group>"; };
		9FC7D3BD2081036C00F26BC5 /* Base */ = {isa = PBXFileReference; lastKnownFileType = file.storyboard; name = Base; path = Base.lproj/LaunchScreen.storyboard; sourceTree = "<group>"; };
		9FF2145A2160E4F600676D15 /* UIApplicationExtension.swift */ = {isa = PBXFileReference; lastKnownFileType = sourcecode.swift; path = UIApplicationExtension.swift; sourceTree = "<group>"; };
		9FF2145C2160E8E300676D15 /* TopViewController.swift */ = {isa = PBXFileReference; lastKnownFileType = sourcecode.swift; path = TopViewController.swift; sourceTree = "<group>"; };
		9FFC4C8F208081F000563094 /* Franziskaner Munchen.app */ = {isa = PBXFileReference; explicitFileType = wrapper.application; includeInIndex = 0; path = "Franziskaner Munchen.app"; sourceTree = BUILT_PRODUCTS_DIR; };
		9FFC4C92208081F000563094 /* AppDelegate.swift */ = {isa = PBXFileReference; lastKnownFileType = sourcecode.swift; path = AppDelegate.swift; sourceTree = "<group>"; };
		9FFC4C97208081F000563094 /* Base */ = {isa = PBXFileReference; lastKnownFileType = file.storyboard; name = Base; path = Base.lproj/Main.storyboard; sourceTree = "<group>"; };
		9FFC4C99208081F200563094 /* Assets.xcassets */ = {isa = PBXFileReference; lastKnownFileType = folder.assetcatalog; path = Assets.xcassets; sourceTree = "<group>"; };
		9FFC4C9E208081F200563094 /* Info.plist */ = {isa = PBXFileReference; lastKnownFileType = text.plist.xml; path = Info.plist; sourceTree = "<group>"; };
		9FFC4CA3208081F200563094 /* Franziskaner MunchenTests.xctest */ = {isa = PBXFileReference; explicitFileType = wrapper.cfbundle; includeInIndex = 0; path = "Franziskaner MunchenTests.xctest"; sourceTree = BUILT_PRODUCTS_DIR; };
		9FFC4CA7208081F200563094 /* Franziskaner_MunchenTests.swift */ = {isa = PBXFileReference; lastKnownFileType = sourcecode.swift; path = Franziskaner_MunchenTests.swift; sourceTree = "<group>"; };
		9FFC4CA9208081F200563094 /* Info.plist */ = {isa = PBXFileReference; lastKnownFileType = text.plist.xml; path = Info.plist; sourceTree = "<group>"; };
		9FFC4CAE208081F200563094 /* Franziskaner MunchenUITests.xctest */ = {isa = PBXFileReference; explicitFileType = wrapper.cfbundle; includeInIndex = 0; path = "Franziskaner MunchenUITests.xctest"; sourceTree = BUILT_PRODUCTS_DIR; };
		9FFC4CB2208081F200563094 /* Franziskaner_MunchenUITests.swift */ = {isa = PBXFileReference; lastKnownFileType = sourcecode.swift; path = Franziskaner_MunchenUITests.swift; sourceTree = "<group>"; };
		9FFC4CB4208081F200563094 /* Info.plist */ = {isa = PBXFileReference; lastKnownFileType = text.plist.xml; path = Info.plist; sourceTree = "<group>"; };
		AEA124D27A91A41001235817 /* Pods_Franziskaner_MunchenTests.framework */ = {isa = PBXFileReference; explicitFileType = wrapper.framework; includeInIndex = 0; path = Pods_Franziskaner_MunchenTests.framework; sourceTree = BUILT_PRODUCTS_DIR; };
		BF12A9521BEC6DD0FC51E774 /* Pods_Franziskaner_Munchen.framework */ = {isa = PBXFileReference; explicitFileType = wrapper.framework; includeInIndex = 0; path = Pods_Franziskaner_Munchen.framework; sourceTree = BUILT_PRODUCTS_DIR; };
		ED8B4006813B39D9F07DAE9F /* Pods-Franziskaner MunchenTests.debug.xcconfig */ = {isa = PBXFileReference; includeInIndex = 1; lastKnownFileType = text.xcconfig; name = "Pods-Franziskaner MunchenTests.debug.xcconfig"; path = "Pods/Target Support Files/Pods-Franziskaner MunchenTests/Pods-Franziskaner MunchenTests.debug.xcconfig"; sourceTree = "<group>"; };
		F28CFFFF8144025A31F081DB /* Pods_Franziskaner_MunchenUITests.framework */ = {isa = PBXFileReference; explicitFileType = wrapper.framework; includeInIndex = 0; path = Pods_Franziskaner_MunchenUITests.framework; sourceTree = BUILT_PRODUCTS_DIR; };
/* End PBXFileReference section */

/* Begin PBXFrameworksBuildPhase section */
		9FFC4C8C208081F000563094 /* Frameworks */ = {
			isa = PBXFrameworksBuildPhase;
			buildActionMask = 2147483647;
			files = (
				7E5A66B0D12FCFBF8691E9A4 /* Pods_Franziskaner_Munchen.framework in Frameworks */,
			);
			runOnlyForDeploymentPostprocessing = 0;
		};
		9FFC4CA0208081F200563094 /* Frameworks */ = {
			isa = PBXFrameworksBuildPhase;
			buildActionMask = 2147483647;
			files = (
				9F363D6B8B7F6E89357E5693 /* Pods_Franziskaner_MunchenTests.framework in Frameworks */,
			);
			runOnlyForDeploymentPostprocessing = 0;
		};
		9FFC4CAB208081F200563094 /* Frameworks */ = {
			isa = PBXFrameworksBuildPhase;
			buildActionMask = 2147483647;
			files = (
				9A68B146879B9D2877FF6F13 /* Pods_Franziskaner_MunchenUITests.framework in Frameworks */,
			);
			runOnlyForDeploymentPostprocessing = 0;
		};
/* End PBXFrameworksBuildPhase section */

/* Begin PBXGroup section */
		0E05B09ACFA3743A4DD04B87 /* Frameworks */ = {
			isa = PBXGroup;
			children = (
				BF12A9521BEC6DD0FC51E774 /* Pods_Franziskaner_Munchen.framework */,
				AEA124D27A91A41001235817 /* Pods_Franziskaner_MunchenTests.framework */,
				F28CFFFF8144025A31F081DB /* Pods_Franziskaner_MunchenUITests.framework */,
			);
			name = Frameworks;
			sourceTree = "<group>";
		};
		9F7CF1B9208D7D2B00548851 /* Extension */ = {
			isa = PBXGroup;
			children = (
				9F7CF1BD208D7D4600548851 /* CAGradientLayerExtension.swift */,
				9FF2145A2160E4F600676D15 /* UIApplicationExtension.swift */,
				9F7CF1BA208D7D4600548851 /* DateFormatterExtension.swift */,
				9F7CF1BF208D7D4600548851 /* StringExtension.swift */,
				9F7CF1BE208D7D4600548851 /* UIImageViewExtension.swift */,
				9F7CF1BB208D7D4600548851 /* UINavigationControllerExtension.swift */,
				9F7CF1BC208D7D4600548851 /* UIViewControllerExtension.swift */,
				9F7CF1D2208D81F400548851 /* UIViewExtension.swift */,
			);
			path = Extension;
			sourceTree = "<group>";
		};
		9F9D398D208B2B810066935E /* Helpers */ = {
			isa = PBXGroup;
			children = (
				9F9D39C5208B2C7C0066935E /* Constant.swift */,
				9FAD8E65215DE9B7006C0F78 /* PushNotificationHandler.swift */,
				9F9D39C4208B2C7C0066935E /* Route.swift */,
				9F005B1D215C91290024CDBA /* UIHelper.swift */,
				9FF2145C2160E8E300676D15 /* TopViewController.swift */,
			);
			path = Helpers;
			sourceTree = "<group>";
		};
		9F9D398E208B2BC10066935E /* JsonHandler */ = {
			isa = PBXGroup;
			children = (
				9F9D3990208B2C2A0066935E /* Models.swift */,
				9F9D3991208B2C2A0066935E /* Parser.swift */,
			);
			path = JsonHandler;
			sourceTree = "<group>";
		};
		9F9D398F208B2BF90066935E /* Controllers */ = {
			isa = PBXGroup;
			children = (
				9F9D399A208B2C350066935E /* DashboardViewController.swift */,
				9F9D39A0208B2C350066935E /* HomeViewController.swift */,
				9F5FBF2C208E37DE000D8529 /* MagazinesViewController.swift */,
				9F9D399D208B2C350066935E /* MenuViewController.swift */,
				9F9D399B208B2C350066935E /* NewsDetailedViewController.swift */,
				9F9D39A1208B2C350066935E /* NewsViewController.swift */,
				9F9D3999208B2C350066935E /* NotificationsViewController.swift */,
				9F126F49208E5B9400A82742 /* PDFViewController.swift */,
				9F9D399C208B2C350066935E /* PhotosViewController.swift */,
				9F9D399E208B2C350066935E /* ProjectViewController.swift */,
				9F9D399F208B2C350066935E /* VideosViewController.swift */,
				9F9D3998208B2C350066935E /* MyWebViewController.swift */,
				9F9D39C0208B2C4B0066935E /* YoutubePlayerViewController.swift */,
			);
			path = Controllers;
			sourceTree = "<group>";
		};
		9FFC4C86208081F000563094 = {
			isa = PBXGroup;
			children = (
				9FFC4C91208081F000563094 /* Franziskaner Munchen */,
				9FFC4CA6208081F200563094 /* Franziskaner MunchenTests */,
				9FFC4CB1208081F200563094 /* Franziskaner MunchenUITests */,
				9FFC4C90208081F000563094 /* Products */,
				F2BBB8B9FC205D0976075CF3 /* Pods */,
				0E05B09ACFA3743A4DD04B87 /* Frameworks */,
			);
			sourceTree = "<group>";
		};
		9FFC4C90208081F000563094 /* Products */ = {
			isa = PBXGroup;
			children = (
				9FFC4C8F208081F000563094 /* Franziskaner Munchen.app */,
				9FFC4CA3208081F200563094 /* Franziskaner MunchenTests.xctest */,
				9FFC4CAE208081F200563094 /* Franziskaner MunchenUITests.xctest */,
			);
			name = Products;
			sourceTree = "<group>";
		};
		9FFC4C91208081F000563094 /* Franziskaner Munchen */ = {
			isa = PBXGroup;
			children = (
				9F5D1D21215BD6D9004FBC43 /* Franziskaner Munchen.entitlements */,
				9FFC4C92208081F000563094 /* AppDelegate.swift */,
				9F4B09692084FF57006C7CDE /* APICaller.swift */,
				9F9D398F208B2BF90066935E /* Controllers */,
				9F9D398E208B2BC10066935E /* JsonHandler */,
				9F9D398D208B2B810066935E /* Helpers */,
				9F7CF1B9208D7D2B00548851 /* Extension */,
				9FFC4C96208081F000563094 /* Main.storyboard */,
				9FFC4C99208081F200563094 /* Assets.xcassets */,
				9FC7D3BC2081036C00F26BC5 /* LaunchScreen.storyboard */,
				9FFC4C9E208081F200563094 /* Info.plist */,
				9F1DB88B21785F6E00ADA0DA /* GoogleService-Info.plist */,
			);
			path = "Franziskaner Munchen";
			sourceTree = "<group>";
		};
		9FFC4CA6208081F200563094 /* Franziskaner MunchenTests */ = {
			isa = PBXGroup;
			children = (
				9FFC4CA7208081F200563094 /* Franziskaner_MunchenTests.swift */,
				9FFC4CA9208081F200563094 /* Info.plist */,
			);
			path = "Franziskaner MunchenTests";
			sourceTree = "<group>";
		};
		9FFC4CB1208081F200563094 /* Franziskaner MunchenUITests */ = {
			isa = PBXGroup;
			children = (
				9FFC4CB2208081F200563094 /* Franziskaner_MunchenUITests.swift */,
				9FFC4CB4208081F200563094 /* Info.plist */,
			);
			path = "Franziskaner MunchenUITests";
			sourceTree = "<group>";
		};
		F2BBB8B9FC205D0976075CF3 /* Pods */ = {
			isa = PBXGroup;
			children = (
				007DEE05C38F1CC15603027C /* Pods-Franziskaner Munchen.debug.xcconfig */,
				85059D27D49008D21D7B401C /* Pods-Franziskaner Munchen.release.xcconfig */,
				ED8B4006813B39D9F07DAE9F /* Pods-Franziskaner MunchenTests.debug.xcconfig */,
				32BCB02F67C3893C9FE69767 /* Pods-Franziskaner MunchenTests.release.xcconfig */,
				748DEEF1264CF5CCA2BD2DC8 /* Pods-Franziskaner MunchenUITests.debug.xcconfig */,
				19749C6FF1DF1EA8CBD8B710 /* Pods-Franziskaner MunchenUITests.release.xcconfig */,
			);
			name = Pods;
			sourceTree = "<group>";
		};
/* End PBXGroup section */

/* Begin PBXNativeTarget section */
		9FFC4C8E208081F000563094 /* Franziskaner Munchen */ = {
			isa = PBXNativeTarget;
			buildConfigurationList = 9FFC4CB7208081F200563094 /* Build configuration list for PBXNativeTarget "Franziskaner Munchen" */;
			buildPhases = (
				EB4162E086FCFE38CCEB971B /* [CP] Check Pods Manifest.lock */,
				9FFC4C8B208081F000563094 /* Sources */,
				9FFC4C8C208081F000563094 /* Frameworks */,
				9FFC4C8D208081F000563094 /* Resources */,
				6A0E81FD03FF68C8DC3B0059 /* [CP] Embed Pods Frameworks */,
			);
			buildRules = (
			);
			dependencies = (
			);
			name = "Franziskaner Munchen";
			productName = "Franziskaner Munchen";
			productReference = 9FFC4C8F208081F000563094 /* Franziskaner Munchen.app */;
			productType = "com.apple.product-type.application";
		};
		9FFC4CA2208081F200563094 /* Franziskaner MunchenTests */ = {
			isa = PBXNativeTarget;
			buildConfigurationList = 9FFC4CBA208081F200563094 /* Build configuration list for PBXNativeTarget "Franziskaner MunchenTests" */;
			buildPhases = (
				21EC4EFED594F72A53CB7F59 /* [CP] Check Pods Manifest.lock */,
				9FFC4C9F208081F200563094 /* Sources */,
				9FFC4CA0208081F200563094 /* Frameworks */,
				9FFC4CA1208081F200563094 /* Resources */,
				6288DF7BCA5694036EE87119 /* [CP] Embed Pods Frameworks */,
			);
			buildRules = (
			);
			dependencies = (
				9FFC4CA5208081F200563094 /* PBXTargetDependency */,
			);
			name = "Franziskaner MunchenTests";
			productName = "Franziskaner MunchenTests";
			productReference = 9FFC4CA3208081F200563094 /* Franziskaner MunchenTests.xctest */;
			productType = "com.apple.product-type.bundle.unit-test";
		};
		9FFC4CAD208081F200563094 /* Franziskaner MunchenUITests */ = {
			isa = PBXNativeTarget;
			buildConfigurationList = 9FFC4CBD208081F200563094 /* Build configuration list for PBXNativeTarget "Franziskaner MunchenUITests" */;
			buildPhases = (
				0D9AEF85DD2E3DF6AAB876CF /* [CP] Check Pods Manifest.lock */,
				9FFC4CAA208081F200563094 /* Sources */,
				9FFC4CAB208081F200563094 /* Frameworks */,
				9FFC4CAC208081F200563094 /* Resources */,
				D9D394A5B287B183479E0823 /* [CP] Embed Pods Frameworks */,
			);
			buildRules = (
			);
			dependencies = (
				9FFC4CB0208081F200563094 /* PBXTargetDependency */,
			);
			name = "Franziskaner MunchenUITests";
			productName = "Franziskaner MunchenUITests";
			productReference = 9FFC4CAE208081F200563094 /* Franziskaner MunchenUITests.xctest */;
			productType = "com.apple.product-type.bundle.ui-testing";
		};
/* End PBXNativeTarget section */

/* Begin PBXProject section */
		9FFC4C87208081F000563094 /* Project object */ = {
			isa = PBXProject;
			attributes = {
				LastSwiftUpdateCheck = 0930;
				LastUpgradeCheck = 0930;
				ORGANIZATIONNAME = "Integro Infotech";
				TargetAttributes = {
					9FFC4C8E208081F000563094 = {
						CreatedOnToolsVersion = 9.3;
						LastSwiftMigration = 1000;
						SystemCapabilities = {
							com.apple.BackgroundModes = {
								enabled = 1;
							};
							com.apple.Push = {
								enabled = 1;
							};
						};
					};
					9FFC4CA2208081F200563094 = {
						CreatedOnToolsVersion = 9.3;
						LastSwiftMigration = 1000;
						TestTargetID = 9FFC4C8E208081F000563094;
					};
					9FFC4CAD208081F200563094 = {
						CreatedOnToolsVersion = 9.3;
						LastSwiftMigration = 1000;
						TestTargetID = 9FFC4C8E208081F000563094;
					};
				};
			};
			buildConfigurationList = 9FFC4C8A208081F000563094 /* Build configuration list for PBXProject "Franziskaner Munchen" */;
			compatibilityVersion = "Xcode 9.3";
			developmentRegion = en;
			hasScannedForEncodings = 0;
			knownRegions = (
				en,
				Base,
			);
			mainGroup = 9FFC4C86208081F000563094;
			productRefGroup = 9FFC4C90208081F000563094 /* Products */;
			projectDirPath = "";
			projectRoot = "";
			targets = (
				9FFC4C8E208081F000563094 /* Franziskaner Munchen */,
				9FFC4CA2208081F200563094 /* Franziskaner MunchenTests */,
				9FFC4CAD208081F200563094 /* Franziskaner MunchenUITests */,
			);
		};
/* End PBXProject section */

/* Begin PBXResourcesBuildPhase section */
		9FFC4C8D208081F000563094 /* Resources */ = {
			isa = PBXResourcesBuildPhase;
			buildActionMask = 2147483647;
			files = (
				9FC7D3BE2081036D00F26BC5 /* LaunchScreen.storyboard in Resources */,
				9F1DB88C21785F6E00ADA0DA /* GoogleService-Info.plist in Resources */,
				9FFC4C9A208081F200563094 /* Assets.xcassets in Resources */,
				9FFC4C98208081F000563094 /* Main.storyboard in Resources */,
			);
			runOnlyForDeploymentPostprocessing = 0;
		};
		9FFC4CA1208081F200563094 /* Resources */ = {
			isa = PBXResourcesBuildPhase;
			buildActionMask = 2147483647;
			files = (
				9FC7D3BF2081036D00F26BC5 /* LaunchScreen.storyboard in Resources */,
			);
			runOnlyForDeploymentPostprocessing = 0;
		};
		9FFC4CAC208081F200563094 /* Resources */ = {
			isa = PBXResourcesBuildPhase;
			buildActionMask = 2147483647;
			files = (
				9FC7D3C02081036D00F26BC5 /* LaunchScreen.storyboard in Resources */,
			);
			runOnlyForDeploymentPostprocessing = 0;
		};
/* End PBXResourcesBuildPhase section */

/* Begin PBXShellScriptBuildPhase section */
		0D9AEF85DD2E3DF6AAB876CF /* [CP] Check Pods Manifest.lock */ = {
			isa = PBXShellScriptBuildPhase;
			buildActionMask = 2147483647;
			files = (
			);
			inputPaths = (
				"${PODS_PODFILE_DIR_PATH}/Podfile.lock",
				"${PODS_ROOT}/Manifest.lock",
			);
			name = "[CP] Check Pods Manifest.lock";
			outputPaths = (
				"$(DERIVED_FILE_DIR)/Pods-Franziskaner MunchenUITests-checkManifestLockResult.txt",
			);
			runOnlyForDeploymentPostprocessing = 0;
			shellPath = /bin/sh;
			shellScript = "diff \"${PODS_PODFILE_DIR_PATH}/Podfile.lock\" \"${PODS_ROOT}/Manifest.lock\" > /dev/null\nif [ $? != 0 ] ; then\n    # print error to STDERR\n    echo \"error: The sandbox is not in sync with the Podfile.lock. Run 'pod install' or update your CocoaPods installation.\" >&2\n    exit 1\nfi\n# This output is used by Xcode 'outputs' to avoid re-running this script phase.\necho \"SUCCESS\" > \"${SCRIPT_OUTPUT_FILE_0}\"\n";
			showEnvVarsInLog = 0;
		};
		21EC4EFED594F72A53CB7F59 /* [CP] Check Pods Manifest.lock */ = {
			isa = PBXShellScriptBuildPhase;
			buildActionMask = 2147483647;
			files = (
			);
			inputPaths = (
				"${PODS_PODFILE_DIR_PATH}/Podfile.lock",
				"${PODS_ROOT}/Manifest.lock",
			);
			name = "[CP] Check Pods Manifest.lock";
			outputPaths = (
				"$(DERIVED_FILE_DIR)/Pods-Franziskaner MunchenTests-checkManifestLockResult.txt",
			);
			runOnlyForDeploymentPostprocessing = 0;
			shellPath = /bin/sh;
			shellScript = "diff \"${PODS_PODFILE_DIR_PATH}/Podfile.lock\" \"${PODS_ROOT}/Manifest.lock\" > /dev/null\nif [ $? != 0 ] ; then\n    # print error to STDERR\n    echo \"error: The sandbox is not in sync with the Podfile.lock. Run 'pod install' or update your CocoaPods installation.\" >&2\n    exit 1\nfi\n# This output is used by Xcode 'outputs' to avoid re-running this script phase.\necho \"SUCCESS\" > \"${SCRIPT_OUTPUT_FILE_0}\"\n";
			showEnvVarsInLog = 0;
		};
		6288DF7BCA5694036EE87119 /* [CP] Embed Pods Frameworks */ = {
			isa = PBXShellScriptBuildPhase;
			buildActionMask = 2147483647;
			files = (
			);
			inputPaths = (
				"${SRCROOT}/Pods/Target Support Files/Pods-Franziskaner MunchenTests/Pods-Franziskaner MunchenTests-frameworks.sh",
				"${BUILT_PRODUCTS_DIR}/GoogleUtilities/GoogleUtilities.framework",
				"${BUILT_PRODUCTS_DIR}/Protobuf/Protobuf.framework",
				"${BUILT_PRODUCTS_DIR}/SlideMenuControllerSwift/SlideMenuControllerSwift.framework",
				"${BUILT_PRODUCTS_DIR}/SwiftyJSON/SwiftyJSON.framework",
				"${BUILT_PRODUCTS_DIR}/YouTubePlayer/YouTubePlayer.framework",
				"${BUILT_PRODUCTS_DIR}/nanopb/nanopb.framework",
			);
			name = "[CP] Embed Pods Frameworks";
			outputPaths = (
				"${TARGET_BUILD_DIR}/${FRAMEWORKS_FOLDER_PATH}/GoogleUtilities.framework",
				"${TARGET_BUILD_DIR}/${FRAMEWORKS_FOLDER_PATH}/Protobuf.framework",
				"${TARGET_BUILD_DIR}/${FRAMEWORKS_FOLDER_PATH}/SlideMenuControllerSwift.framework",
				"${TARGET_BUILD_DIR}/${FRAMEWORKS_FOLDER_PATH}/SwiftyJSON.framework",
				"${TARGET_BUILD_DIR}/${FRAMEWORKS_FOLDER_PATH}/YouTubePlayer.framework",
				"${TARGET_BUILD_DIR}/${FRAMEWORKS_FOLDER_PATH}/nanopb.framework",
			);
			runOnlyForDeploymentPostprocessing = 0;
			shellPath = /bin/sh;
			shellScript = "\"${SRCROOT}/Pods/Target Support Files/Pods-Franziskaner MunchenTests/Pods-Franziskaner MunchenTests-frameworks.sh\"\n";
			showEnvVarsInLog = 0;
		};
		6A0E81FD03FF68C8DC3B0059 /* [CP] Embed Pods Frameworks */ = {
			isa = PBXShellScriptBuildPhase;
			buildActionMask = 2147483647;
			files = (
			);
			inputPaths = (
				"${SRCROOT}/Pods/Target Support Files/Pods-Franziskaner Munchen/Pods-Franziskaner Munchen-frameworks.sh",
				"${BUILT_PRODUCTS_DIR}/GoogleUtilities/GoogleUtilities.framework",
				"${BUILT_PRODUCTS_DIR}/Protobuf/Protobuf.framework",
				"${BUILT_PRODUCTS_DIR}/SlideMenuControllerSwift/SlideMenuControllerSwift.framework",
				"${BUILT_PRODUCTS_DIR}/SwiftyJSON/SwiftyJSON.framework",
				"${BUILT_PRODUCTS_DIR}/YouTubePlayer/YouTubePlayer.framework",
				"${BUILT_PRODUCTS_DIR}/nanopb/nanopb.framework",
			);
			name = "[CP] Embed Pods Frameworks";
			outputPaths = (
				"${TARGET_BUILD_DIR}/${FRAMEWORKS_FOLDER_PATH}/GoogleUtilities.framework",
				"${TARGET_BUILD_DIR}/${FRAMEWORKS_FOLDER_PATH}/Protobuf.framework",
				"${TARGET_BUILD_DIR}/${FRAMEWORKS_FOLDER_PATH}/SlideMenuControllerSwift.framework",
				"${TARGET_BUILD_DIR}/${FRAMEWORKS_FOLDER_PATH}/SwiftyJSON.framework",
				"${TARGET_BUILD_DIR}/${FRAMEWORKS_FOLDER_PATH}/YouTubePlayer.framework",
				"${TARGET_BUILD_DIR}/${FRAMEWORKS_FOLDER_PATH}/nanopb.framework",
			);
			runOnlyForDeploymentPostprocessing = 0;
			shellPath = /bin/sh;
			shellScript = "\"${SRCROOT}/Pods/Target Support Files/Pods-Franziskaner Munchen/Pods-Franziskaner Munchen-frameworks.sh\"\n";
			showEnvVarsInLog = 0;
		};
		D9D394A5B287B183479E0823 /* [CP] Embed Pods Frameworks */ = {
			isa = PBXShellScriptBuildPhase;
			buildActionMask = 2147483647;
			files = (
			);
			inputPaths = (
				"${SRCROOT}/Pods/Target Support Files/Pods-Franziskaner MunchenUITests/Pods-Franziskaner MunchenUITests-frameworks.sh",
				"${BUILT_PRODUCTS_DIR}/GoogleUtilities/GoogleUtilities.framework",
				"${BUILT_PRODUCTS_DIR}/Protobuf/Protobuf.framework",
				"${BUILT_PRODUCTS_DIR}/SlideMenuControllerSwift/SlideMenuControllerSwift.framework",
				"${BUILT_PRODUCTS_DIR}/SwiftyJSON/SwiftyJSON.framework",
				"${BUILT_PRODUCTS_DIR}/YouTubePlayer/YouTubePlayer.framework",
				"${BUILT_PRODUCTS_DIR}/nanopb/nanopb.framework",
			);
			name = "[CP] Embed Pods Frameworks";
			outputPaths = (
				"${TARGET_BUILD_DIR}/${FRAMEWORKS_FOLDER_PATH}/GoogleUtilities.framework",
				"${TARGET_BUILD_DIR}/${FRAMEWORKS_FOLDER_PATH}/Protobuf.framework",
				"${TARGET_BUILD_DIR}/${FRAMEWORKS_FOLDER_PATH}/SlideMenuControllerSwift.framework",
				"${TARGET_BUILD_DIR}/${FRAMEWORKS_FOLDER_PATH}/SwiftyJSON.framework",
				"${TARGET_BUILD_DIR}/${FRAMEWORKS_FOLDER_PATH}/YouTubePlayer.framework",
				"${TARGET_BUILD_DIR}/${FRAMEWORKS_FOLDER_PATH}/nanopb.framework",
			);
			runOnlyForDeploymentPostprocessing = 0;
			shellPath = /bin/sh;
			shellScript = "\"${SRCROOT}/Pods/Target Support Files/Pods-Franziskaner MunchenUITests/Pods-Franziskaner MunchenUITests-frameworks.sh\"\n";
			showEnvVarsInLog = 0;
		};
		EB4162E086FCFE38CCEB971B /* [CP] Check Pods Manifest.lock */ = {
			isa = PBXShellScriptBuildPhase;
			buildActionMask = 2147483647;
			files = (
			);
			inputPaths = (
				"${PODS_PODFILE_DIR_PATH}/Podfile.lock",
				"${PODS_ROOT}/Manifest.lock",
			);
			name = "[CP] Check Pods Manifest.lock";
			outputPaths = (
				"$(DERIVED_FILE_DIR)/Pods-Franziskaner Munchen-checkManifestLockResult.txt",
			);
			runOnlyForDeploymentPostprocessing = 0;
			shellPath = /bin/sh;
			shellScript = "diff \"${PODS_PODFILE_DIR_PATH}/Podfile.lock\" \"${PODS_ROOT}/Manifest.lock\" > /dev/null\nif [ $? != 0 ] ; then\n    # print error to STDERR\n    echo \"error: The sandbox is not in sync with the Podfile.lock. Run 'pod install' or update your CocoaPods installation.\" >&2\n    exit 1\nfi\n# This output is used by Xcode 'outputs' to avoid re-running this script phase.\necho \"SUCCESS\" > \"${SCRIPT_OUTPUT_FILE_0}\"\n";
			showEnvVarsInLog = 0;
		};
/* End PBXShellScriptBuildPhase section */

/* Begin PBXSourcesBuildPhase section */
		9FFC4C8B208081F000563094 /* Sources */ = {
			isa = PBXSourcesBuildPhase;
			buildActionMask = 2147483647;
			files = (
				9F9D39BA208B2C350066935E /* HomeViewController.swift in Sources */,
				9F7CF1CF208D7D4600548851 /* StringExtension.swift in Sources */,
				9F9D3992208B2C2A0066935E /* Models.swift in Sources */,
				9F126F4A208E5B9400A82742 /* PDFViewController.swift in Sources */,
				9F9D39B1208B2C350066935E /* MenuViewController.swift in Sources */,
				9F005B1E215C91290024CDBA /* UIHelper.swift in Sources */,
				9F7CF1C0208D7D4600548851 /* DateFormatterExtension.swift in Sources */,
				9F9D39AE208B2C350066935E /* PhotosViewController.swift in Sources */,
				9F7CF1D3208D81F400548851 /* UIViewExtension.swift in Sources */,
				9F7CF1C9208D7D4600548851 /* CAGradientLayerExtension.swift in Sources */,
				9FFC4C93208081F000563094 /* AppDelegate.swift in Sources */,
				9F9D39B4208B2C350066935E /* ProjectViewController.swift in Sources */,
				9F7CF1C6208D7D4600548851 /* UIViewControllerExtension.swift in Sources */,
				9F9D39A2208B2C350066935E /* MyWebViewController.swift in Sources */,
				9F9D39BD208B2C350066935E /* NewsViewController.swift in Sources */,
				9FF2145B2160E4F600676D15 /* UIApplicationExtension.swift in Sources */,
				9F7CF1CC208D7D4600548851 /* UIImageViewExtension.swift in Sources */,
				9F9D39A8208B2C350066935E /* DashboardViewController.swift in Sources */,
				9F7CF1C3208D7D4600548851 /* UINavigationControllerExtension.swift in Sources */,
				9F4B096A2084FF57006C7CDE /* APICaller.swift in Sources */,
				9F9D39A5208B2C350066935E /* NotificationsViewController.swift in Sources */,
				9F9D3995208B2C2A0066935E /* Parser.swift in Sources */,
				9F9D39C9208B2C7C0066935E /* Constant.swift in Sources */,
				9F9D39B7208B2C350066935E /* VideosViewController.swift in Sources */,
				9FF2145D2160E8E300676D15 /* TopViewController.swift in Sources */,
				9F5FBF2D208E37DE000D8529 /* MagazinesViewController.swift in Sources */,
				9F9D39AB208B2C350066935E /* NewsDetailedViewController.swift in Sources */,
				9FAD8E66215DE9B7006C0F78 /* PushNotificationHandler.swift in Sources */,
				9F9D39C6208B2C7C0066935E /* Route.swift in Sources */,
				9F9D39C1208B2C4B0066935E /* YoutubePlayerViewController.swift in Sources */,
			);
			runOnlyForDeploymentPostprocessing = 0;
		};
		9FFC4C9F208081F200563094 /* Sources */ = {
			isa = PBXSourcesBuildPhase;
			buildActionMask = 2147483647;
			files = (
			);
			runOnlyForDeploymentPostprocessing = 0;
		};
		9FFC4CAA208081F200563094 /* Sources */ = {
			isa = PBXSourcesBuildPhase;
			buildActionMask = 2147483647;
			files = (
			);
			runOnlyForDeploymentPostprocessing = 0;
		};
/* End PBXSourcesBuildPhase section */

/* Begin PBXTargetDependency section */
		9FFC4CA5208081F200563094 /* PBXTargetDependency */ = {
			isa = PBXTargetDependency;
			target = 9FFC4C8E208081F000563094 /* Franziskaner Munchen */;
			targetProxy = 9FFC4CA4208081F200563094 /* PBXContainerItemProxy */;
		};
		9FFC4CB0208081F200563094 /* PBXTargetDependency */ = {
			isa = PBXTargetDependency;
			target = 9FFC4C8E208081F000563094 /* Franziskaner Munchen */;
			targetProxy = 9FFC4CAF208081F200563094 /* PBXContainerItemProxy */;
		};
/* End PBXTargetDependency section */

/* Begin PBXVariantGroup section */
		9FC7D3BC2081036C00F26BC5 /* LaunchScreen.storyboard */ = {
			isa = PBXVariantGroup;
			children = (
				9FC7D3BD2081036C00F26BC5 /* Base */,
			);
			name = LaunchScreen.storyboard;
			sourceTree = "<group>";
		};
		9FFC4C96208081F000563094 /* Main.storyboard */ = {
			isa = PBXVariantGroup;
			children = (
				9FFC4C97208081F000563094 /* Base */,
			);
			name = Main.storyboard;
			sourceTree = "<group>";
		};
/* End PBXVariantGroup section */

/* Begin XCBuildConfiguration section */
		9FFC4CB5208081F200563094 /* Debug */ = {
			isa = XCBuildConfiguration;
			buildSettings = {
				ALWAYS_SEARCH_USER_PATHS = NO;
				CLANG_ANALYZER_NONNULL = YES;
				CLANG_ANALYZER_NUMBER_OBJECT_CONVERSION = YES_AGGRESSIVE;
				CLANG_CXX_LANGUAGE_STANDARD = "gnu++14";
				CLANG_CXX_LIBRARY = "libc++";
				CLANG_ENABLE_MODULES = YES;
				CLANG_ENABLE_OBJC_ARC = YES;
				CLANG_ENABLE_OBJC_WEAK = YES;
				CLANG_WARN_BLOCK_CAPTURE_AUTORELEASING = YES;
				CLANG_WARN_BOOL_CONVERSION = YES;
				CLANG_WARN_COMMA = YES;
				CLANG_WARN_CONSTANT_CONVERSION = YES;
				CLANG_WARN_DEPRECATED_OBJC_IMPLEMENTATIONS = YES;
				CLANG_WARN_DIRECT_OBJC_ISA_USAGE = YES_ERROR;
				CLANG_WARN_DOCUMENTATION_COMMENTS = YES;
				CLANG_WARN_EMPTY_BODY = YES;
				CLANG_WARN_ENUM_CONVERSION = YES;
				CLANG_WARN_INFINITE_RECURSION = YES;
				CLANG_WARN_INT_CONVERSION = YES;
				CLANG_WARN_NON_LITERAL_NULL_CONVERSION = YES;
				CLANG_WARN_OBJC_IMPLICIT_RETAIN_SELF = YES;
				CLANG_WARN_OBJC_LITERAL_CONVERSION = YES;
				CLANG_WARN_OBJC_ROOT_CLASS = YES_ERROR;
				CLANG_WARN_RANGE_LOOP_ANALYSIS = YES;
				CLANG_WARN_STRICT_PROTOTYPES = YES;
				CLANG_WARN_SUSPICIOUS_MOVE = YES;
				CLANG_WARN_UNGUARDED_AVAILABILITY = YES_AGGRESSIVE;
				CLANG_WARN_UNREACHABLE_CODE = YES;
				CLANG_WARN__DUPLICATE_METHOD_MATCH = YES;
				CODE_SIGN_IDENTITY = "iPhone Developer";
				COPY_PHASE_STRIP = NO;
				DEBUG_INFORMATION_FORMAT = dwarf;
				ENABLE_STRICT_OBJC_MSGSEND = YES;
				ENABLE_TESTABILITY = YES;
				GCC_C_LANGUAGE_STANDARD = gnu11;
				GCC_DYNAMIC_NO_PIC = NO;
				GCC_NO_COMMON_BLOCKS = YES;
				GCC_OPTIMIZATION_LEVEL = 0;
				GCC_PREPROCESSOR_DEFINITIONS = (
					"DEBUG=1",
					"$(inherited)",
				);
				GCC_WARN_64_TO_32_BIT_CONVERSION = YES;
				GCC_WARN_ABOUT_RETURN_TYPE = YES_ERROR;
				GCC_WARN_UNDECLARED_SELECTOR = YES;
				GCC_WARN_UNINITIALIZED_AUTOS = YES_AGGRESSIVE;
				GCC_WARN_UNUSED_FUNCTION = YES;
				GCC_WARN_UNUSED_VARIABLE = YES;
				IPHONEOS_DEPLOYMENT_TARGET = 10.0;
				MTL_ENABLE_DEBUG_INFO = YES;
				ONLY_ACTIVE_ARCH = YES;
				SDKROOT = iphoneos;
				SWIFT_ACTIVE_COMPILATION_CONDITIONS = DEBUG;
				SWIFT_OPTIMIZATION_LEVEL = "-Onone";
			};
			name = Debug;
		};
		9FFC4CB6208081F200563094 /* Release */ = {
			isa = XCBuildConfiguration;
			buildSettings = {
				ALWAYS_SEARCH_USER_PATHS = NO;
				CLANG_ANALYZER_NONNULL = YES;
				CLANG_ANALYZER_NUMBER_OBJECT_CONVERSION = YES_AGGRESSIVE;
				CLANG_CXX_LANGUAGE_STANDARD = "gnu++14";
				CLANG_CXX_LIBRARY = "libc++";
				CLANG_ENABLE_MODULES = YES;
				CLANG_ENABLE_OBJC_ARC = YES;
				CLANG_ENABLE_OBJC_WEAK = YES;
				CLANG_WARN_BLOCK_CAPTURE_AUTORELEASING = YES;
				CLANG_WARN_BOOL_CONVERSION = YES;
				CLANG_WARN_COMMA = YES;
				CLANG_WARN_CONSTANT_CONVERSION = YES;
				CLANG_WARN_DEPRECATED_OBJC_IMPLEMENTATIONS = YES;
				CLANG_WARN_DIRECT_OBJC_ISA_USAGE = YES_ERROR;
				CLANG_WARN_DOCUMENTATION_COMMENTS = YES;
				CLANG_WARN_EMPTY_BODY = YES;
				CLANG_WARN_ENUM_CONVERSION = YES;
				CLANG_WARN_INFINITE_RECURSION = YES;
				CLANG_WARN_INT_CONVERSION = YES;
				CLANG_WARN_NON_LITERAL_NULL_CONVERSION = YES;
				CLANG_WARN_OBJC_IMPLICIT_RETAIN_SELF = YES;
				CLANG_WARN_OBJC_LITERAL_CONVERSION = YES;
				CLANG_WARN_OBJC_ROOT_CLASS = YES_ERROR;
				CLANG_WARN_RANGE_LOOP_ANALYSIS = YES;
				CLANG_WARN_STRICT_PROTOTYPES = YES;
				CLANG_WARN_SUSPICIOUS_MOVE = YES;
				CLANG_WARN_UNGUARDED_AVAILABILITY = YES_AGGRESSIVE;
				CLANG_WARN_UNREACHABLE_CODE = YES;
				CLANG_WARN__DUPLICATE_METHOD_MATCH = YES;
				CODE_SIGN_IDENTITY = "iPhone Developer";
				COPY_PHASE_STRIP = NO;
				DEBUG_INFORMATION_FORMAT = "dwarf-with-dsym";
				ENABLE_NS_ASSERTIONS = NO;
				ENABLE_STRICT_OBJC_MSGSEND = YES;
				GCC_C_LANGUAGE_STANDARD = gnu11;
				GCC_NO_COMMON_BLOCKS = YES;
				GCC_WARN_64_TO_32_BIT_CONVERSION = YES;
				GCC_WARN_ABOUT_RETURN_TYPE = YES_ERROR;
				GCC_WARN_UNDECLARED_SELECTOR = YES;
				GCC_WARN_UNINITIALIZED_AUTOS = YES_AGGRESSIVE;
				GCC_WARN_UNUSED_FUNCTION = YES;
				GCC_WARN_UNUSED_VARIABLE = YES;
				IPHONEOS_DEPLOYMENT_TARGET = 10.0;
				MTL_ENABLE_DEBUG_INFO = NO;
				SDKROOT = iphoneos;
				SWIFT_COMPILATION_MODE = wholemodule;
				SWIFT_OPTIMIZATION_LEVEL = "-O";
				VALIDATE_PRODUCT = YES;
			};
			name = Release;
		};
		9FFC4CB8208081F200563094 /* Debug */ = {
			isa = XCBuildConfiguration;
			baseConfigurationReference = 007DEE05C38F1CC15603027C /* Pods-Franziskaner Munchen.debug.xcconfig */;
			buildSettings = {
				ASSETCATALOG_COMPILER_APPICON_NAME = AppIcon;
				CODE_SIGN_ENTITLEMENTS = "Franziskaner Munchen/Franziskaner Munchen.entitlements";
				CODE_SIGN_IDENTITY = "iPhone Developer";
				CODE_SIGN_STYLE = Manual;
				DEVELOPMENT_TEAM = D245C92AL4;
				INFOPLIST_FILE = "Franziskaner Munchen/Info.plist";
				IPHONEOS_DEPLOYMENT_TARGET = 10.0;
				LD_RUNPATH_SEARCH_PATHS = (
					"$(inherited)",
					"@executable_path/Frameworks",
				);
				PRODUCT_BUNDLE_IDENTIFIER = com.integro.franziskanermunchen;
				PRODUCT_NAME = "$(TARGET_NAME)";
				PROVISIONING_PROFILE_SPECIFIER = FranziskanerMachine;
				SWIFT_VERSION = 4.2;
				TARGETED_DEVICE_FAMILY = 1;
			};
			name = Debug;
		};
		9FFC4CB9208081F200563094 /* Release */ = {
			isa = XCBuildConfiguration;
			baseConfigurationReference = 85059D27D49008D21D7B401C /* Pods-Franziskaner Munchen.release.xcconfig */;
			buildSettings = {
				ASSETCATALOG_COMPILER_APPICON_NAME = AppIcon;
				CODE_SIGN_ENTITLEMENTS = "Franziskaner Munchen/Franziskaner Munchen.entitlements";
				CODE_SIGN_IDENTITY = "iPhone Developer";
				CODE_SIGN_STYLE = Manual;
				DEVELOPMENT_TEAM = D245C92AL4;
				INFOPLIST_FILE = "Franziskaner Munchen/Info.plist";
				IPHONEOS_DEPLOYMENT_TARGET = 10.0;
				LD_RUNPATH_SEARCH_PATHS = (
					"$(inherited)",
					"@executable_path/Frameworks",
				);
				PRODUCT_BUNDLE_IDENTIFIER = com.integro.franziskanermunchen;
				PRODUCT_NAME = "$(TARGET_NAME)";
				PROVISIONING_PROFILE_SPECIFIER = FranziskanerMachine;
				SWIFT_VERSION = 4.2;
				TARGETED_DEVICE_FAMILY = 1;
			};
			name = Release;
		};
		9FFC4CBB208081F200563094 /* Debug */ = {
			isa = XCBuildConfiguration;
			baseConfigurationReference = ED8B4006813B39D9F07DAE9F /* Pods-Franziskaner MunchenTests.debug.xcconfig */;
			buildSettings = {
				ALWAYS_EMBED_SWIFT_STANDARD_LIBRARIES = YES;
				BUNDLE_LOADER = "$(TEST_HOST)";
				CODE_SIGN_STYLE = Automatic;
				DEVELOPMENT_TEAM = 46654A4VZ4;
				INFOPLIST_FILE = "Franziskaner MunchenTests/Info.plist";
				LD_RUNPATH_SEARCH_PATHS = (
					"$(inherited)",
					"@executable_path/Frameworks",
					"@loader_path/Frameworks",
				);
				PRODUCT_BUNDLE_IDENTIFIER = "com.integroinfotech.Franziskaner-MunchenTests";
				PRODUCT_NAME = "$(TARGET_NAME)";
				SWIFT_VERSION = 4.2;
				TARGETED_DEVICE_FAMILY = "1,2";
				TEST_HOST = "$(BUILT_PRODUCTS_DIR)/Franziskaner Munchen.app/Franziskaner Munchen";
			};
			name = Debug;
		};
		9FFC4CBC208081F200563094 /* Release */ = {
			isa = XCBuildConfiguration;
			baseConfigurationReference = 32BCB02F67C3893C9FE69767 /* Pods-Franziskaner MunchenTests.release.xcconfig */;
			buildSettings = {
				ALWAYS_EMBED_SWIFT_STANDARD_LIBRARIES = YES;
				BUNDLE_LOADER = "$(TEST_HOST)";
				CODE_SIGN_STYLE = Automatic;
				DEVELOPMENT_TEAM = 46654A4VZ4;
				INFOPLIST_FILE = "Franziskaner MunchenTests/Info.plist";
				LD_RUNPATH_SEARCH_PATHS = (
					"$(inherited)",
					"@executable_path/Frameworks",
					"@loader_path/Frameworks",
				);
				PRODUCT_BUNDLE_IDENTIFIER = "com.integroinfotech.Franziskaner-MunchenTests";
				PRODUCT_NAME = "$(TARGET_NAME)";
				SWIFT_VERSION = 4.2;
				TARGETED_DEVICE_FAMILY = "1,2";
				TEST_HOST = "$(BUILT_PRODUCTS_DIR)/Franziskaner Munchen.app/Franziskaner Munchen";
			};
			name = Release;
		};
		9FFC4CBE208081F200563094 /* Debug */ = {
			isa = XCBuildConfiguration;
			baseConfigurationReference = 748DEEF1264CF5CCA2BD2DC8 /* Pods-Franziskaner MunchenUITests.debug.xcconfig */;
			buildSettings = {
				ALWAYS_EMBED_SWIFT_STANDARD_LIBRARIES = YES;
				CODE_SIGN_STYLE = Automatic;
				DEVELOPMENT_TEAM = 46654A4VZ4;
				INFOPLIST_FILE = "Franziskaner MunchenUITests/Info.plist";
				LD_RUNPATH_SEARCH_PATHS = (
					"$(inherited)",
					"@executable_path/Frameworks",
					"@loader_path/Frameworks",
				);
				PRODUCT_BUNDLE_IDENTIFIER = "com.integroinfotech.Franziskaner-MunchenUITests";
				PRODUCT_NAME = "$(TARGET_NAME)";
				SWIFT_VERSION = 4.2;
				TARGETED_DEVICE_FAMILY = "1,2";
				TEST_TARGET_NAME = "Franziskaner Munchen";
			};
			name = Debug;
		};
		9FFC4CBF208081F200563094 /* Release */ = {
			isa = XCBuildConfiguration;
			baseConfigurationReference = 19749C6FF1DF1EA8CBD8B710 /* Pods-Franziskaner MunchenUITests.release.xcconfig */;
			buildSettings = {
				ALWAYS_EMBED_SWIFT_STANDARD_LIBRARIES = YES;
				CODE_SIGN_STYLE = Automatic;
				DEVELOPMENT_TEAM = 46654A4VZ4;
				INFOPLIST_FILE = "Franziskaner MunchenUITests/Info.plist";
				LD_RUNPATH_SEARCH_PATHS = (
					"$(inherited)",
					"@executable_path/Frameworks",
					"@loader_path/Frameworks",
				);
				PRODUCT_BUNDLE_IDENTIFIER = "com.integroinfotech.Franziskaner-MunchenUITests";
				PRODUCT_NAME = "$(TARGET_NAME)";
				SWIFT_VERSION = 4.2;
				TARGETED_DEVICE_FAMILY = "1,2";
				TEST_TARGET_NAME = "Franziskaner Munchen";
			};
			name = Release;
		};
/* End XCBuildConfiguration section */

/* Begin XCConfigurationList section */
		9FFC4C8A208081F000563094 /* Build configuration list for PBXProject "Franziskaner Munchen" */ = {
			isa = XCConfigurationList;
			buildConfigurations = (
				9FFC4CB5208081F200563094 /* Debug */,
				9FFC4CB6208081F200563094 /* Release */,
			);
			defaultConfigurationIsVisible = 0;
			defaultConfigurationName = Release;
		};
		9FFC4CB7208081F200563094 /* Build configuration list for PBXNativeTarget "Franziskaner Munchen" */ = {
			isa = XCConfigurationList;
			buildConfigurations = (
				9FFC4CB8208081F200563094 /* Debug */,
				9FFC4CB9208081F200563094 /* Release */,
			);
			defaultConfigurationIsVisible = 0;
			defaultConfigurationName = Release;
		};
		9FFC4CBA208081F200563094 /* Build configuration list for PBXNativeTarget "Franziskaner MunchenTests" */ = {
			isa = XCConfigurationList;
			buildConfigurations = (
				9FFC4CBB208081F200563094 /* Debug */,
				9FFC4CBC208081F200563094 /* Release */,
			);
			defaultConfigurationIsVisible = 0;
			defaultConfigurationName = Release;
		};
		9FFC4CBD208081F200563094 /* Build configuration list for PBXNativeTarget "Franziskaner MunchenUITests" */ = {
			isa = XCConfigurationList;
			buildConfigurations = (
				9FFC4CBE208081F200563094 /* Debug */,
				9FFC4CBF208081F200563094 /* Release */,
			);
			defaultConfigurationIsVisible = 0;
			defaultConfigurationName = Release;
		};
/* End XCConfigurationList section */
	};
	rootObject = 9FFC4C87208081F000563094 /* Project object */;
}
